// !$*UTF8*$!
{
	archiveVersion = 1;
	classes = {
	};
	objectVersion = 46;
	objects = {

/* Begin PBXBuildFile section */
		BCA7387A18817BCF00A91D6F /* Foundation.framework in Frameworks */ = {isa = PBXBuildFile; fileRef = BCA7387918817BCF00A91D6F /* Foundation.framework */; };
		BCA7387C18817BCF00A91D6F /* CoreGraphics.framework in Frameworks */ = {isa = PBXBuildFile; fileRef = BCA7387B18817BCF00A91D6F /* CoreGraphics.framework */; };
		BCA7387E18817BCF00A91D6F /* UIKit.framework in Frameworks */ = {isa = PBXBuildFile; fileRef = BCA7387D18817BCF00A91D6F /* UIKit.framework */; };
		BCA7388418817BCF00A91D6F /* InfoPlist.strings in Resources */ = {isa = PBXBuildFile; fileRef = BCA7388218817BCF00A91D6F /* InfoPlist.strings */; };
		BCA7388618817BCF00A91D6F /* main.m in Sources */ = {isa = PBXBuildFile; fileRef = BCA7388518817BCF00A91D6F /* main.m */; };
		BCA7388A18817BCF00A91D6F /* DTAppDelegate.m in Sources */ = {isa = PBXBuildFile; fileRef = BCA7388918817BCF00A91D6F /* DTAppDelegate.m */; };
		BCA7388D18817BCF00A91D6F /* Main.storyboard in Resources */ = {isa = PBXBuildFile; fileRef = BCA7388B18817BCF00A91D6F /* Main.storyboard */; };
		BCA7389018817BCF00A91D6F /* DTViewController.m in Sources */ = {isa = PBXBuildFile; fileRef = BCA7388F18817BCF00A91D6F /* DTViewController.m */; };
		BCA7389218817BCF00A91D6F /* Images.xcassets in Resources */ = {isa = PBXBuildFile; fileRef = BCA7389118817BCF00A91D6F /* Images.xcassets */; };
		BCA7389918817BCF00A91D6F /* XCTest.framework in Frameworks */ = {isa = PBXBuildFile; fileRef = BCA7389818817BCF00A91D6F /* XCTest.framework */; };
		BCA7389A18817BCF00A91D6F /* Foundation.framework in Frameworks */ = {isa = PBXBuildFile; fileRef = BCA7387918817BCF00A91D6F /* Foundation.framework */; };
		BCA7389B18817BCF00A91D6F /* UIKit.framework in Frameworks */ = {isa = PBXBuildFile; fileRef = BCA7387D18817BCF00A91D6F /* UIKit.framework */; };
		BCA738A318817BCF00A91D6F /* InfoPlist.strings in Resources */ = {isa = PBXBuildFile; fileRef = BCA738A118817BCF00A91D6F /* InfoPlist.strings */; };
		BCA738A518817BCF00A91D6F /* CoreDataTestTests.m in Sources */ = {isa = PBXBuildFile; fileRef = BCA738A418817BCF00A91D6F /* CoreDataTestTests.m */; };
		BCA738B018817C0F00A91D6F /* Model.xcdatamodeld in Sources */ = {isa = PBXBuildFile; fileRef = BCA738AE18817C0F00A91D6F /* Model.xcdatamodeld */; };
		BCA738B31881811400A91D6F /* DTNodeX.m in Sources */ = {isa = PBXBuildFile; fileRef = BCA738B21881811400A91D6F /* DTNodeX.m */; };
		BCA738B61881813900A91D6F /* DTGraph.m in Sources */ = {isa = PBXBuildFile; fileRef = BCA738B51881813900A91D6F /* DTGraph.m */; };
		BCFE62831881BC3900B79DAD /* DTGraphRepresentationView.m in Sources */ = {isa = PBXBuildFile; fileRef = BCFE62821881BC3900B79DAD /* DTGraphRepresentationView.m */; };
		BCFE62861881EA3C00B79DAD /* DTCluster.m in Sources */ = {isa = PBXBuildFile; fileRef = BCFE62851881EA3C00B79DAD /* DTCluster.m */; };
		BCFE62891881EAFC00B79DAD /* DTClusteringViewController.m in Sources */ = {isa = PBXBuildFile; fileRef = BCFE62881881EAFC00B79DAD /* DTClusteringViewController.m */; };
		BCFE628C1881F18D00B79DAD /* DTClusteringView.m in Sources */ = {isa = PBXBuildFile; fileRef = BCFE628B1881F18D00B79DAD /* DTClusteringView.m */; };
/* End PBXBuildFile section */

/* Begin PBXBuildRule section */
		BCA738BA188186E600A91D6F /* PBXBuildRule */ = {
			isa = PBXBuildRule;
			compilerSpec = com.apple.compilers.proxy.script;
			fileType = wrapper.xcdatamodel;
			isEditable = 1;
			outputFiles = (
				"$(DERIVED_FILE_DIR)/$(INPUT_FILE_BASE).mom",
			);
			script = "# momc\necho Running mogen\n${SRCROOT}/mogenScripts/mogen.sh";
		};
		BCA738BB1881878100A91D6F /* PBXBuildRule */ = {
			isa = PBXBuildRule;
			compilerSpec = com.apple.compilers.proxy.script;
			fileType = wrapper.xcdatamodeld;
			isEditable = 1;
			outputFiles = (
				"$(DERIVED_FILE_DIR)/$(INPUT_FILE_BASE).momd",
			);
			script = "# momc\necho Running mogend\n${SRCROOT}/mogenScripts/mogend.sh";
		};
/* End PBXBuildRule section */

/* Begin PBXContainerItemProxy section */
		BCA7389C18817BCF00A91D6F /* PBXContainerItemProxy */ = {
			isa = PBXContainerItemProxy;
			containerPortal = BCA7386E18817BCE00A91D6F /* Project object */;
			proxyType = 1;
			remoteGlobalIDString = BCA7387518817BCF00A91D6F;
			remoteInfo = CoreDataTest;
		};
/* End PBXContainerItemProxy section */

/* Begin PBXFileReference section */
		BCA7387618817BCF00A91D6F /* CoreDataTest.app */ = {isa = PBXFileReference; explicitFileType = wrapper.application; includeInIndex = 0; path = CoreDataTest.app; sourceTree = BUILT_PRODUCTS_DIR; };
		BCA7387918817BCF00A91D6F /* Foundation.framework */ = {isa = PBXFileReference; lastKnownFileType = wrapper.framework; name = Foundation.framework; path = System/Library/Frameworks/Foundation.framework; sourceTree = SDKROOT; };
		BCA7387B18817BCF00A91D6F /* CoreGraphics.framework */ = {isa = PBXFileReference; lastKnownFileType = wrapper.framework; name = CoreGraphics.framework; path = System/Library/Frameworks/CoreGraphics.framework; sourceTree = SDKROOT; };
		BCA7387D18817BCF00A91D6F /* UIKit.framework */ = {isa = PBXFileReference; lastKnownFileType = wrapper.framework; name = UIKit.framework; path = System/Library/Frameworks/UIKit.framework; sourceTree = SDKROOT; };
		BCA7388118817BCF00A91D6F /* CoreDataTest-Info.plist */ = {isa = PBXFileReference; lastKnownFileType = text.plist.xml; path = "CoreDataTest-Info.plist"; sourceTree = "<group>"; };
		BCA7388318817BCF00A91D6F /* en */ = {isa = PBXFileReference; lastKnownFileType = text.plist.strings; name = en; path = en.lproj/InfoPlist.strings; sourceTree = "<group>"; };
		BCA7388518817BCF00A91D6F /* main.m */ = {isa = PBXFileReference; lastKnownFileType = sourcecode.c.objc; path = main.m; sourceTree = "<group>"; };
		BCA7388718817BCF00A91D6F /* CoreDataTest-Prefix.pch */ = {isa = PBXFileReference; lastKnownFileType = sourcecode.c.h; path = "CoreDataTest-Prefix.pch"; sourceTree = "<group>"; };
		BCA7388818817BCF00A91D6F /* DTAppDelegate.h */ = {isa = PBXFileReference; lastKnownFileType = sourcecode.c.h; path = DTAppDelegate.h; sourceTree = "<group>"; };
		BCA7388918817BCF00A91D6F /* DTAppDelegate.m */ = {isa = PBXFileReference; lastKnownFileType = sourcecode.c.objc; path = DTAppDelegate.m; sourceTree = "<group>"; };
		BCA7388C18817BCF00A91D6F /* Base */ = {isa = PBXFileReference; lastKnownFileType = file.storyboard; name = Base; path = Base.lproj/Main.storyboard; sourceTree = "<group>"; };
		BCA7388E18817BCF00A91D6F /* DTViewController.h */ = {isa = PBXFileReference; lastKnownFileType = sourcecode.c.h; path = DTViewController.h; sourceTree = "<group>"; };
		BCA7388F18817BCF00A91D6F /* DTViewController.m */ = {isa = PBXFileReference; lastKnownFileType = sourcecode.c.objc; path = DTViewController.m; sourceTree = "<group>"; };
		BCA7389118817BCF00A91D6F /* Images.xcassets */ = {isa = PBXFileReference; lastKnownFileType = folder.assetcatalog; path = Images.xcassets; sourceTree = "<group>"; };
		BCA7389718817BCF00A91D6F /* CoreDataTestTests.xctest */ = {isa = PBXFileReference; explicitFileType = wrapper.cfbundle; includeInIndex = 0; path = CoreDataTestTests.xctest; sourceTree = BUILT_PRODUCTS_DIR; };
		BCA7389818817BCF00A91D6F /* XCTest.framework */ = {isa = PBXFileReference; lastKnownFileType = wrapper.framework; name = XCTest.framework; path = Library/Frameworks/XCTest.framework; sourceTree = DEVELOPER_DIR; };
		BCA738A018817BCF00A91D6F /* CoreDataTestTests-Info.plist */ = {isa = PBXFileReference; lastKnownFileType = text.plist.xml; path = "CoreDataTestTests-Info.plist"; sourceTree = "<group>"; };
		BCA738A218817BCF00A91D6F /* en */ = {isa = PBXFileReference; lastKnownFileType = text.plist.strings; name = en; path = en.lproj/InfoPlist.strings; sourceTree = "<group>"; };
		BCA738A418817BCF00A91D6F /* CoreDataTestTests.m */ = {isa = PBXFileReference; lastKnownFileType = sourcecode.c.objc; path = CoreDataTestTests.m; sourceTree = "<group>"; };
		BCA738AF18817C0F00A91D6F /* Model.xcdatamodel */ = {isa = PBXFileReference; lastKnownFileType = wrapper.xcdatamodel; path = Model.xcdatamodel; sourceTree = "<group>"; };
		BCA738B11881811400A91D6F /* DTNodeX.h */ = {isa = PBXFileReference; fileEncoding = 4; lastKnownFileType = sourcecode.c.h; name = DTNodeX.h; path = CoreDataTest/DTNodeX.h; sourceTree = "<group>"; };
		BCA738B21881811400A91D6F /* DTNodeX.m */ = {isa = PBXFileReference; fileEncoding = 4; lastKnownFileType = sourcecode.c.objc; name = DTNodeX.m; path = CoreDataTest/DTNodeX.m; sourceTree = "<group>"; };
		BCA738B41881813900A91D6F /* DTGraph.h */ = {isa = PBXFileReference; fileEncoding = 4; lastKnownFileType = sourcecode.c.h; path = DTGraph.h; sourceTree = "<group>"; };
		BCA738B51881813900A91D6F /* DTGraph.m */ = {isa = PBXFileReference; fileEncoding = 4; lastKnownFileType = sourcecode.c.objc; path = DTGraph.m; sourceTree = "<group>"; };
		BCA738BD188187C300A91D6F /* mogen.sh */ = {isa = PBXFileReference; lastKnownFileType = text.script.sh; path = mogen.sh; sourceTree = "<group>"; };
		BCA738BE188187C300A91D6F /* mogend.sh */ = {isa = PBXFileReference; lastKnownFileType = text.script.sh; path = mogend.sh; sourceTree = "<group>"; };
		BCFE62811881BC3900B79DAD /* DTGraphRepresentationView.h */ = {isa = PBXFileReference; fileEncoding = 4; lastKnownFileType = sourcecode.c.h; path = DTGraphRepresentationView.h; sourceTree = "<group>"; };
		BCFE62821881BC3900B79DAD /* DTGraphRepresentationView.m */ = {isa = PBXFileReference; fileEncoding = 4; lastKnownFileType = sourcecode.c.objc; path = DTGraphRepresentationView.m; sourceTree = "<group>"; };
		BCFE62841881EA3C00B79DAD /* DTCluster.h */ = {isa = PBXFileReference; fileEncoding = 4; lastKnownFileType = sourcecode.c.h; name = DTCluster.h; path = CoreDataTest/DTCluster.h; sourceTree = "<group>"; };
		BCFE62851881EA3C00B79DAD /* DTCluster.m */ = {isa = PBXFileReference; fileEncoding = 4; lastKnownFileType = sourcecode.c.objc; name = DTCluster.m; path = CoreDataTest/DTCluster.m; sourceTree = "<group>"; };
		BCFE62871881EAFC00B79DAD /* DTClusteringViewController.h */ = {isa = PBXFileReference; fileEncoding = 4; lastKnownFileType = sourcecode.c.h; path = DTClusteringViewController.h; sourceTree = "<group>"; };
		BCFE62881881EAFC00B79DAD /* DTClusteringViewController.m */ = {isa = PBXFileReference; fileEncoding = 4; lastKnownFileType = sourcecode.c.objc; path = DTClusteringViewController.m; sourceTree = "<group>"; };
		BCFE628A1881F18D00B79DAD /* DTClusteringView.h */ = {isa = PBXFileReference; fileEncoding = 4; lastKnownFileType = sourcecode.c.h; path = DTClusteringView.h; sourceTree = "<group>"; };
		BCFE628B1881F18D00B79DAD /* DTClusteringView.m */ = {isa = PBXFileReference; fileEncoding = 4; lastKnownFileType = sourcecode.c.objc; path = DTClusteringView.m; sourceTree = "<group>"; };
/* End PBXFileReference section */

/* Begin PBXFrameworksBuildPhase section */
		BCA7387318817BCF00A91D6F /* Frameworks */ = {
			isa = PBXFrameworksBuildPhase;
			buildActionMask = 2147483647;
			files = (
				BCA7387C18817BCF00A91D6F /* CoreGraphics.framework in Frameworks */,
				BCA7387E18817BCF00A91D6F /* UIKit.framework in Frameworks */,
				BCA7387A18817BCF00A91D6F /* Foundation.framework in Frameworks */,
			);
			runOnlyForDeploymentPostprocessing = 0;
		};
		BCA7389418817BCF00A91D6F /* Frameworks */ = {
			isa = PBXFrameworksBuildPhase;
			buildActionMask = 2147483647;
			files = (
				BCA7389918817BCF00A91D6F /* XCTest.framework in Frameworks */,
				BCA7389B18817BCF00A91D6F /* UIKit.framework in Frameworks */,
				BCA7389A18817BCF00A91D6F /* Foundation.framework in Frameworks */,
			);
			runOnlyForDeploymentPostprocessing = 0;
		};
/* End PBXFrameworksBuildPhase section */

/* Begin PBXGroup section */
		BCA7386D18817BCE00A91D6F = {
			isa = PBXGroup;
			children = (
				BCA738BC188187C300A91D6F /* mogenScripts */,
				BCFE628E1882B9EB00B79DAD /* ModelObjects */,
				BCFE628D1882B9DA00B79DAD /* RepresentationViews */,
				BCA7387F18817BCF00A91D6F /* CoreDataTest */,
				BCA7389E18817BCF00A91D6F /* CoreDataTestTests */,
				BCA7387818817BCF00A91D6F /* Frameworks */,
				BCA7387718817BCF00A91D6F /* Products */,
			);
			sourceTree = "<group>";
		};
		BCA7387718817BCF00A91D6F /* Products */ = {
			isa = PBXGroup;
			children = (
				BCA7387618817BCF00A91D6F /* CoreDataTest.app */,
				BCA7389718817BCF00A91D6F /* CoreDataTestTests.xctest */,
			);
			name = Products;
			sourceTree = "<group>";
		};
		BCA7387818817BCF00A91D6F /* Frameworks */ = {
			isa = PBXGroup;
			children = (
				BCA7387918817BCF00A91D6F /* Foundation.framework */,
				BCA7387B18817BCF00A91D6F /* CoreGraphics.framework */,
				BCA7387D18817BCF00A91D6F /* UIKit.framework */,
				BCA7389818817BCF00A91D6F /* XCTest.framework */,
			);
			name = Frameworks;
			sourceTree = "<group>";
		};
		BCA7387F18817BCF00A91D6F /* CoreDataTest */ = {
			isa = PBXGroup;
			children = (
				BCA738AE18817C0F00A91D6F /* Model.xcdatamodeld */,
				BCA7388818817BCF00A91D6F /* DTAppDelegate.h */,
				BCA7388918817BCF00A91D6F /* DTAppDelegate.m */,
				BCA7388B18817BCF00A91D6F /* Main.storyboard */,
				BCA7388E18817BCF00A91D6F /* DTViewController.h */,
				BCA7388F18817BCF00A91D6F /* DTViewController.m */,
				BCFE62871881EAFC00B79DAD /* DTClusteringViewController.h */,
				BCFE62881881EAFC00B79DAD /* DTClusteringViewController.m */,
				BCA7389118817BCF00A91D6F /* Images.xcassets */,
				BCA7388018817BCF00A91D6F /* Supporting Files */,
			);
			path = CoreDataTest;
			sourceTree = "<group>";
		};
		BCA7388018817BCF00A91D6F /* Supporting Files */ = {
			isa = PBXGroup;
			children = (
				BCA7388118817BCF00A91D6F /* CoreDataTest-Info.plist */,
				BCA7388218817BCF00A91D6F /* InfoPlist.strings */,
				BCA7388518817BCF00A91D6F /* main.m */,
				BCA7388718817BCF00A91D6F /* CoreDataTest-Prefix.pch */,
			);
			name = "Supporting Files";
			sourceTree = "<group>";
		};
		BCA7389E18817BCF00A91D6F /* CoreDataTestTests */ = {
			isa = PBXGroup;
			children = (
				BCA738A418817BCF00A91D6F /* CoreDataTestTests.m */,
				BCA7389F18817BCF00A91D6F /* Supporting Files */,
			);
			path = CoreDataTestTests;
			sourceTree = "<group>";
		};
		BCA7389F18817BCF00A91D6F /* Supporting Files */ = {
			isa = PBXGroup;
			children = (
				BCA738A018817BCF00A91D6F /* CoreDataTestTests-Info.plist */,
				BCA738A118817BCF00A91D6F /* InfoPlist.strings */,
			);
			name = "Supporting Files";
			sourceTree = "<group>";
		};
		BCA738BC188187C300A91D6F /* mogenScripts */ = {
			isa = PBXGroup;
			children = (
				BCA738BD188187C300A91D6F /* mogen.sh */,
				BCA738BE188187C300A91D6F /* mogend.sh */,
			);
			path = mogenScripts;
			sourceTree = "<group>";
		};
		BCFE628D1882B9DA00B79DAD /* RepresentationViews */ = {
			isa = PBXGroup;
			children = (
				BCFE62811881BC3900B79DAD /* DTGraphRepresentationView.h */,
				BCFE62821881BC3900B79DAD /* DTGraphRepresentationView.m */,
				BCFE628A1881F18D00B79DAD /* DTClusteringView.h */,
				BCFE628B1881F18D00B79DAD /* DTClusteringView.m */,
			);
			name = RepresentationViews;
			sourceTree = "<group>";
		};
		BCFE628E1882B9EB00B79DAD /* ModelObjects */ = {
			isa = PBXGroup;
			children = (
				BCA738B41881813900A91D6F /* DTGraph.h */,
				BCA738B51881813900A91D6F /* DTGraph.m */,
				BCA738B11881811400A91D6F /* DTNodeX.h */,
				BCA738B21881811400A91D6F /* DTNodeX.m */,
				BCFE62841881EA3C00B79DAD /* DTCluster.h */,
				BCFE62851881EA3C00B79DAD /* DTCluster.m */,
			);
			name = ModelObjects;
			sourceTree = "<group>";
		};
/* End PBXGroup section */

/* Begin PBXNativeTarget section */
		BCA7387518817BCF00A91D6F /* CoreDataTest */ = {
			isa = PBXNativeTarget;
			buildConfigurationList = BCA738A818817BCF00A91D6F /* Build configuration list for PBXNativeTarget "CoreDataTest" */;
			buildPhases = (
				BCA7387218817BCF00A91D6F /* Sources */,
				BCA7387318817BCF00A91D6F /* Frameworks */,
				BCA7387418817BCF00A91D6F /* Resources */,
			);
			buildRules = (
				BCA738BB1881878100A91D6F /* PBXBuildRule */,
				BCA738BA188186E600A91D6F /* PBXBuildRule */,
			);
			dependencies = (
			);
			name = CoreDataTest;
			productName = CoreDataTest;
			productReference = BCA7387618817BCF00A91D6F /* CoreDataTest.app */;
			productType = "com.apple.product-type.application";
		};
		BCA7389618817BCF00A91D6F /* CoreDataTestTests */ = {
			isa = PBXNativeTarget;
			buildConfigurationList = BCA738AB18817BCF00A91D6F /* Build configuration list for PBXNativeTarget "CoreDataTestTests" */;
			buildPhases = (
				BCA7389318817BCF00A91D6F /* Sources */,
				BCA7389418817BCF00A91D6F /* Frameworks */,
				BCA7389518817BCF00A91D6F /* Resources */,
			);
			buildRules = (
			);
			dependencies = (
				BCA7389D18817BCF00A91D6F /* PBXTargetDependency */,
			);
			name = CoreDataTestTests;
			productName = CoreDataTestTests;
			productReference = BCA7389718817BCF00A91D6F /* CoreDataTestTests.xctest */;
			productType = "com.apple.product-type.bundle.unit-test";
		};
/* End PBXNativeTarget section */

/* Begin PBXProject section */
		BCA7386E18817BCE00A91D6F /* Project object */ = {
			isa = PBXProject;
			attributes = {
				CLASSPREFIX = DT;
				LastUpgradeCheck = 0500;
				ORGANIZATIONNAME = "Danila Parhomenko";
				TargetAttributes = {
					BCA7389618817BCF00A91D6F = {
						TestTargetID = BCA7387518817BCF00A91D6F;
					};
				};
			};
			buildConfigurationList = BCA7387118817BCE00A91D6F /* Build configuration list for PBXProject "CoreDataTest" */;
			compatibilityVersion = "Xcode 3.2";
			developmentRegion = English;
			hasScannedForEncodings = 0;
			knownRegions = (
				en,
				Base,
			);
			mainGroup = BCA7386D18817BCE00A91D6F;
			productRefGroup = BCA7387718817BCF00A91D6F /* Products */;
			projectDirPath = "";
			projectRoot = "";
			targets = (
				BCA7387518817BCF00A91D6F /* CoreDataTest */,
				BCA7389618817BCF00A91D6F /* CoreDataTestTests */,
			);
		};
/* End PBXProject section */

/* Begin PBXResourcesBuildPhase section */
		BCA7387418817BCF00A91D6F /* Resources */ = {
			isa = PBXResourcesBuildPhase;
			buildActionMask = 2147483647;
			files = (
				BCA7389218817BCF00A91D6F /* Images.xcassets in Resources */,
				BCA7388418817BCF00A91D6F /* InfoPlist.strings in Resources */,
				BCA7388D18817BCF00A91D6F /* Main.storyboard in Resources */,
			);
			runOnlyForDeploymentPostprocessing = 0;
		};
		BCA7389518817BCF00A91D6F /* Resources */ = {
			isa = PBXResourcesBuildPhase;
			buildActionMask = 2147483647;
			files = (
				BCA738A318817BCF00A91D6F /* InfoPlist.strings in Resources */,
			);
			runOnlyForDeploymentPostprocessing = 0;
		};
/* End PBXResourcesBuildPhase section */

/* Begin PBXSourcesBuildPhase section */
		BCA7387218817BCF00A91D6F /* Sources */ = {
			isa = PBXSourcesBuildPhase;
			buildActionMask = 2147483647;
			files = (
				BCFE62861881EA3C00B79DAD /* DTCluster.m in Sources */,
				BCA738B61881813900A91D6F /* DTGraph.m in Sources */,
				BCFE628C1881F18D00B79DAD /* DTClusteringView.m in Sources */,
				BCA7388A18817BCF00A91D6F /* DTAppDelegate.m in Sources */,
				BCA738B31881811400A91D6F /* DTNodeX.m in Sources */,
				BCA7389018817BCF00A91D6F /* DTViewController.m in Sources */,
				BCA7388618817BCF00A91D6F /* main.m in Sources */,
				BCFE62831881BC3900B79DAD /* DTGraphRepresentationView.m in Sources */,
				BCFE62891881EAFC00B79DAD /* DTClusteringViewController.m in Sources */,
				BCA738B018817C0F00A91D6F /* Model.xcdatamodeld in Sources */,
			);
			runOnlyForDeploymentPostprocessing = 0;
		};
		BCA7389318817BCF00A91D6F /* Sources */ = {
			isa = PBXSourcesBuildPhase;
			buildActionMask = 2147483647;
			files = (
				BCA738A518817BCF00A91D6F /* CoreDataTestTests.m in Sources */,
			);
			runOnlyForDeploymentPostprocessing = 0;
		};
/* End PBXSourcesBuildPhase section */

/* Begin PBXTargetDependency section */
		BCA7389D18817BCF00A91D6F /* PBXTargetDependency */ = {
			isa = PBXTargetDependency;
			target = BCA7387518817BCF00A91D6F /* CoreDataTest */;
			targetProxy = BCA7389C18817BCF00A91D6F /* PBXContainerItemProxy */;
		};
/* End PBXTargetDependency section */

/* Begin PBXVariantGroup section */
		BCA7388218817BCF00A91D6F /* InfoPlist.strings */ = {
			isa = PBXVariantGroup;
			children = (
				BCA7388318817BCF00A91D6F /* en */,
			);
			name = InfoPlist.strings;
			sourceTree = "<group>";
		};
		BCA7388B18817BCF00A91D6F /* Main.storyboard */ = {
			isa = PBXVariantGroup;
			children = (
				BCA7388C18817BCF00A91D6F /* Base */,
			);
			name = Main.storyboard;
			sourceTree = "<group>";
		};
		BCA738A118817BCF00A91D6F /* InfoPlist.strings */ = {
			isa = PBXVariantGroup;
			children = (
				BCA738A218817BCF00A91D6F /* en */,
			);
			name = InfoPlist.strings;
			sourceTree = "<group>";
		};
/* End PBXVariantGroup section */

/* Begin XCBuildConfiguration section */
		BCA738A618817BCF00A91D6F /* Debug */ = {
			isa = XCBuildConfiguration;
			buildSettings = {
				ALWAYS_SEARCH_USER_PATHS = NO;
				ARCHS = "$(ARCHS_STANDARD_INCLUDING_64_BIT)";
				CLANG_CXX_LANGUAGE_STANDARD = "gnu++0x";
				CLANG_CXX_LIBRARY = "libc++";
				CLANG_ENABLE_MODULES = YES;
				CLANG_ENABLE_OBJC_ARC = YES;
				CLANG_WARN_BOOL_CONVERSION = YES;
				CLANG_WARN_CONSTANT_CONVERSION = YES;
				CLANG_WARN_DIRECT_OBJC_ISA_USAGE = YES_ERROR;
				CLANG_WARN_EMPTY_BODY = YES;
				CLANG_WARN_ENUM_CONVERSION = YES;
				CLANG_WARN_INT_CONVERSION = YES;
				CLANG_WARN_OBJC_ROOT_CLASS = YES_ERROR;
				CLANG_WARN__DUPLICATE_METHOD_MATCH = YES;
				"CODE_SIGN_IDENTITY[sdk=iphoneos*]" = "iPhone Developer";
				COPY_PHASE_STRIP = NO;
				GCC_C_LANGUAGE_STANDARD = gnu99;
				GCC_DYNAMIC_NO_PIC = NO;
				GCC_OPTIMIZATION_LEVEL = 0;
				GCC_PREPROCESSOR_DEFINITIONS = (
					"DEBUG=1",
					"$(inherited)",
				);
				GCC_SYMBOLS_PRIVATE_EXTERN = NO;
				GCC_WARN_64_TO_32_BIT_CONVERSION = YES;
				GCC_WARN_ABOUT_RETURN_TYPE = YES_ERROR;
				GCC_WARN_UNDECLARED_SELECTOR = YES;
				GCC_WARN_UNINITIALIZED_AUTOS = YES;
				GCC_WARN_UNUSED_FUNCTION = YES;
				GCC_WARN_UNUSED_VARIABLE = YES;
				IPHONEOS_DEPLOYMENT_TARGET = 7.0;
				ONLY_ACTIVE_ARCH = YES;
				SDKROOT = iphoneos;
			};
			name = Debug;
		};
		BCA738A718817BCF00A91D6F /* Release */ = {
			isa = XCBuildConfiguration;
			buildSettings = {
				ALWAYS_SEARCH_USER_PATHS = NO;
				ARCHS = "$(ARCHS_STANDARD_INCLUDING_64_BIT)";
				CLANG_CXX_LANGUAGE_STANDARD = "gnu++0x";
				CLANG_CXX_LIBRARY = "libc++";
				CLANG_ENABLE_MODULES = YES;
				CLANG_ENABLE_OBJC_ARC = YES;
				CLANG_WARN_BOOL_CONVERSION = YES;
				CLANG_WARN_CONSTANT_CONVERSION = YES;
				CLANG_WARN_DIRECT_OBJC_ISA_USAGE = YES_ERROR;
				CLANG_WARN_EMPTY_BODY = YES;
				CLANG_WARN_ENUM_CONVERSION = YES;
				CLANG_WARN_INT_CONVERSION = YES;
				CLANG_WARN_OBJC_ROOT_CLASS = YES_ERROR;
				CLANG_WARN__DUPLICATE_METHOD_MATCH = YES;
				"CODE_SIGN_IDENTITY[sdk=iphoneos*]" = "iPhone Developer";
				COPY_PHASE_STRIP = YES;
				ENABLE_NS_ASSERTIONS = NO;
				GCC_C_LANGUAGE_STANDARD = gnu99;
				GCC_WARN_64_TO_32_BIT_CONVERSION = YES;
				GCC_WARN_ABOUT_RETURN_TYPE = YES_ERROR;
				GCC_WARN_UNDECLARED_SELECTOR = YES;
				GCC_WARN_UNINITIALIZED_AUTOS = YES;
				GCC_WARN_UNUSED_FUNCTION = YES;
				GCC_WARN_UNUSED_VARIABLE = YES;
				IPHONEOS_DEPLOYMENT_TARGET = 7.0;
				SDKROOT = iphoneos;
				VALIDATE_PRODUCT = YES;
			};
			name = Release;
		};
		BCA738A918817BCF00A91D6F /* Debug */ = {
			isa = XCBuildConfiguration;
			buildSettings = {
				ASSETCATALOG_COMPILER_APPICON_NAME = AppIcon;
				ASSETCATALOG_COMPILER_LAUNCHIMAGE_NAME = LaunchImage;
				GCC_PRECOMPILE_PREFIX_HEADER = YES;
				GCC_PREFIX_HEADER = "CoreDataTest/CoreDataTest-Prefix.pch";
				INFOPLIST_FILE = "CoreDataTest/CoreDataTest-Info.plist";
				PRODUCT_NAME = "$(TARGET_NAME)";
				WRAPPER_EXTENSION = app;
			};
			name = Debug;
		};
		BCA738AA18817BCF00A91D6F /* Release */ = {
			isa = XCBuildConfiguration;
			buildSettings = {
				ASSETCATALOG_COMPILER_APPICON_NAME = AppIcon;
				ASSETCATALOG_COMPILER_LAUNCHIMAGE_NAME = LaunchImage;
				GCC_PRECOMPILE_PREFIX_HEADER = YES;
				GCC_PREFIX_HEADER = "CoreDataTest/CoreDataTest-Prefix.pch";
				INFOPLIST_FILE = "CoreDataTest/CoreDataTest-Info.plist";
				PRODUCT_NAME = "$(TARGET_NAME)";
				WRAPPER_EXTENSION = app;
			};
			name = Release;
		};
		BCA738AC18817BCF00A91D6F /* Debug */ = {
			isa = XCBuildConfiguration;
			buildSettings = {
				ARCHS = "$(ARCHS_STANDARD_INCLUDING_64_BIT)";
				BUNDLE_LOADER = "$(BUILT_PRODUCTS_DIR)/CoreDataTest.app/CoreDataTest";
				FRAMEWORK_SEARCH_PATHS = (
					"$(SDKROOT)/Developer/Library/Frameworks",
					"$(inherited)",
					"$(DEVELOPER_FRAMEWORKS_DIR)",
				);
				GCC_PRECOMPILE_PREFIX_HEADER = YES;
				GCC_PREFIX_HEADER = "CoreDataTest/CoreDataTest-Prefix.pch";
				GCC_PREPROCESSOR_DEFINITIONS = (
					"DEBUG=1",
					"$(inherited)",
				);
				INFOPLIST_FILE = "CoreDataTestTests/CoreDataTestTests-Info.plist";
				PRODUCT_NAME = "$(TARGET_NAME)";
				TEST_HOST = "$(BUNDLE_LOADER)";
				WRAPPER_EXTENSION = xctest;
			};
			name = Debug;
		};
		BCA738AD18817BCF00A91D6F /* Release */ = {
			isa = XCBuildConfiguration;
			buildSettings = {
				ARCHS = "$(ARCHS_STANDARD_INCLUDING_64_BIT)";
				BUNDLE_LOADER = "$(BUILT_PRODUCTS_DIR)/CoreDataTest.app/CoreDataTest";
				FRAMEWORK_SEARCH_PATHS = (
					"$(SDKROOT)/Developer/Library/Frameworks",
					"$(inherited)",
					"$(DEVELOPER_FRAMEWORKS_DIR)",
				);
				GCC_PRECOMPILE_PREFIX_HEADER = YES;
				GCC_PREFIX_HEADER = "CoreDataTest/CoreDataTest-Prefix.pch";
				INFOPLIST_FILE = "CoreDataTestTests/CoreDataTestTests-Info.plist";
				PRODUCT_NAME = "$(TARGET_NAME)";
				TEST_HOST = "$(BUNDLE_LOADER)";
				WRAPPER_EXTENSION = xctest;
			};
			name = Release;
		};
/* End XCBuildConfiguration section */

/* Begin XCConfigurationList section */
		BCA7387118817BCE00A91D6F /* Build configuration list for PBXProject "CoreDataTest" */ = {
			isa = XCConfigurationList;
			buildConfigurations = (
				BCA738A618817BCF00A91D6F /* Debug */,
				BCA738A718817BCF00A91D6F /* Release */,
			);
			defaultConfigurationIsVisible = 0;
			defaultConfigurationName = Release;
		};
		BCA738A818817BCF00A91D6F /* Build configuration list for PBXNativeTarget "CoreDataTest" */ = {
			isa = XCConfigurationList;
			buildConfigurations = (
				BCA738A918817BCF00A91D6F /* Debug */,
				BCA738AA18817BCF00A91D6F /* Release */,
			);
			defaultConfigurationIsVisible = 0;
			defaultConfigurationName = Release;
		};
		BCA738AB18817BCF00A91D6F /* Build configuration list for PBXNativeTarget "CoreDataTestTests" */ = {
			isa = XCConfigurationList;
			buildConfigurations = (
				BCA738AC18817BCF00A91D6F /* Debug */,
				BCA738AD18817BCF00A91D6F /* Release */,
			);
			defaultConfigurationIsVisible = 0;
			defaultConfigurationName = Release;
		};
/* End XCConfigurationList section */

/* Begin XCVersionGroup section */
		BCA738AE18817C0F00A91D6F /* Model.xcdatamodeld */ = {
			isa = XCVersionGroup;
			children = (
				BCA738AF18817C0F00A91D6F /* Model.xcdatamodel */,
			);
			currentVersion = BCA738AF18817C0F00A91D6F /* Model.xcdatamodel */;
			name = Model.xcdatamodeld;
			path = ../Model.xcdatamodeld;
			sourceTree = "<group>";
			versionGroupType = wrapper.xcdatamodel;
		};
/* End XCVersionGroup section */
	};
	rootObject = BCA7386E18817BCE00A91D6F /* Project object */;
}
